// !$*UTF8*$!
{
	archiveVersion = 1;
	classes = {
	};
	objectVersion = 46;
	objects = {

/* Begin PBXBuildFile section */
		4A80278019D68DD2001D8C64 /* ReckersLoginViewController.m in Sources */ = {isa = PBXBuildFile; fileRef = 4A80277F19D68DD2001D8C64 /* ReckersLoginViewController.m */; };
		4A80278219D68EA2001D8C64 /* Parse.framework in Frameworks */ = {isa = PBXBuildFile; fileRef = 4A80278119D68EA2001D8C64 /* Parse.framework */; };
		4A80278519D68EDB001D8C64 /* AudioToolbox.framework in Frameworks */ = {isa = PBXBuildFile; fileRef = 4A80278419D68EDB001D8C64 /* AudioToolbox.framework */; };
		4A80278719D68EE2001D8C64 /* CFNetwork.framework in Frameworks */ = {isa = PBXBuildFile; fileRef = 4A80278619D68EE2001D8C64 /* CFNetwork.framework */; };
		4A80278919D68EE9001D8C64 /* CoreGraphics.framework in Frameworks */ = {isa = PBXBuildFile; fileRef = 4A80278819D68EE9001D8C64 /* CoreGraphics.framework */; };
		4A80278B19D68EF1001D8C64 /* CoreLocation.framework in Frameworks */ = {isa = PBXBuildFile; fileRef = 4A80278A19D68EF1001D8C64 /* CoreLocation.framework */; };
		4A80278D19D68EF9001D8C64 /* libz.dylib in Frameworks */ = {isa = PBXBuildFile; fileRef = 4A80278C19D68EF9001D8C64 /* libz.dylib */; };
		4A80278F19D68F03001D8C64 /* MobileCoreServices.framework in Frameworks */ = {isa = PBXBuildFile; fileRef = 4A80278E19D68F03001D8C64 /* MobileCoreServices.framework */; };
		4A80279119D68F0B001D8C64 /* QuartzCore.framework in Frameworks */ = {isa = PBXBuildFile; fileRef = 4A80279019D68F0B001D8C64 /* QuartzCore.framework */; };
		4A80279319D68F13001D8C64 /* Security.framework in Frameworks */ = {isa = PBXBuildFile; fileRef = 4A80279219D68F13001D8C64 /* Security.framework */; };
		4A80279519D68F1B001D8C64 /* StoreKit.framework in Frameworks */ = {isa = PBXBuildFile; fileRef = 4A80279419D68F1B001D8C64 /* StoreKit.framework */; };
		4A80279719D68F25001D8C64 /* SystemConfiguration.framework in Frameworks */ = {isa = PBXBuildFile; fileRef = 4A80279619D68F25001D8C64 /* SystemConfiguration.framework */; };
		4A80279919D68F76001D8C64 /* Accounts.framework in Frameworks */ = {isa = PBXBuildFile; fileRef = 4A80279819D68F76001D8C64 /* Accounts.framework */; };
		4A80279B19D68FCA001D8C64 /* Social.framework in Frameworks */ = {isa = PBXBuildFile; fileRef = 4A80279A19D68FCA001D8C64 /* Social.framework */; };
		4A80279D19D69020001D8C64 /* Bolts.framework in Frameworks */ = {isa = PBXBuildFile; fileRef = 4A80279C19D69020001D8C64 /* Bolts.framework */; };
		4A8027A319D69BC8001D8C64 /* CollapsibleTableViewController.m in Sources */ = {isa = PBXBuildFile; fileRef = 4A8027A219D69BC8001D8C64 /* CollapsibleTableViewController.m */; };
		4A8027A919D6CD4E001D8C64 /* SectionHeaderView.m in Sources */ = {isa = PBXBuildFile; fileRef = 4A8027A819D6CD4E001D8C64 /* SectionHeaderView.m */; };
		4A8027AC19D6D4EF001D8C64 /* FoodType.m in Sources */ = {isa = PBXBuildFile; fileRef = 4A8027AB19D6D4EF001D8C64 /* FoodType.m */; };
		4A8027B019D6D577001D8C64 /* Food.m in Sources */ = {isa = PBXBuildFile; fileRef = 4A8027AF19D6D577001D8C64 /* Food.m */; };
		4A8027B319D6D6FF001D8C64 /* SectionInfo.m in Sources */ = {isa = PBXBuildFile; fileRef = 4A8027B219D6D6FF001D8C64 /* SectionInfo.m */; };
		4A8027B619D6DCDD001D8C64 /* FoodCell.m in Sources */ = {isa = PBXBuildFile; fileRef = 4A8027B519D6DCDD001D8C64 /* FoodCell.m */; };
		4A8027BA19D6F2AB001D8C64 /* ReckersTabBarController.m in Sources */ = {isa = PBXBuildFile; fileRef = 4A8027B919D6F2AB001D8C64 /* ReckersTabBarController.m */; };
		FBC36FBC19D68BE700A0B61D /* main.m in Sources */ = {isa = PBXBuildFile; fileRef = FBC36FBB19D68BE700A0B61D /* main.m */; };
		FBC36FBF19D68BE700A0B61D /* AppDelegate.m in Sources */ = {isa = PBXBuildFile; fileRef = FBC36FBE19D68BE700A0B61D /* AppDelegate.m */; };
		FBC36FC519D68BE700A0B61D /* Main.storyboard in Resources */ = {isa = PBXBuildFile; fileRef = FBC36FC319D68BE700A0B61D /* Main.storyboard */; };
		FBC36FC719D68BE700A0B61D /* Images.xcassets in Resources */ = {isa = PBXBuildFile; fileRef = FBC36FC619D68BE700A0B61D /* Images.xcassets */; };
		FBC36FCA19D68BE700A0B61D /* LaunchScreen.xib in Resources */ = {isa = PBXBuildFile; fileRef = FBC36FC819D68BE700A0B61D /* LaunchScreen.xib */; };
		FBC36FD619D68BE700A0B61D /* ReckersTests.m in Sources */ = {isa = PBXBuildFile; fileRef = FBC36FD519D68BE700A0B61D /* ReckersTests.m */; };
/* End PBXBuildFile section */

/* Begin PBXContainerItemProxy section */
		FBC36FD019D68BE700A0B61D /* PBXContainerItemProxy */ = {
			isa = PBXContainerItemProxy;
			containerPortal = FBC36FAE19D68BE600A0B61D /* Project object */;
			proxyType = 1;
			remoteGlobalIDString = FBC36FB519D68BE600A0B61D;
			remoteInfo = Reckers;
		};
/* End PBXContainerItemProxy section */

/* Begin PBXFileReference section */
		4A80277E19D68DD2001D8C64 /* ReckersLoginViewController.h */ = {isa = PBXFileReference; fileEncoding = 4; lastKnownFileType = sourcecode.c.h; path = ReckersLoginViewController.h; sourceTree = "<group>"; };
		4A80277F19D68DD2001D8C64 /* ReckersLoginViewController.m */ = {isa = PBXFileReference; fileEncoding = 4; lastKnownFileType = sourcecode.c.objc; path = ReckersLoginViewController.m; sourceTree = "<group>"; };
		4A80278119D68EA2001D8C64 /* Parse.framework */ = {isa = PBXFileReference; lastKnownFileType = wrapper.framework; path = Parse.framework; sourceTree = "<group>"; };
		4A80278419D68EDB001D8C64 /* AudioToolbox.framework */ = {isa = PBXFileReference; lastKnownFileType = wrapper.framework; name = AudioToolbox.framework; path = System/Library/Frameworks/AudioToolbox.framework; sourceTree = SDKROOT; };
		4A80278619D68EE2001D8C64 /* CFNetwork.framework */ = {isa = PBXFileReference; lastKnownFileType = wrapper.framework; name = CFNetwork.framework; path = System/Library/Frameworks/CFNetwork.framework; sourceTree = SDKROOT; };
		4A80278819D68EE9001D8C64 /* CoreGraphics.framework */ = {isa = PBXFileReference; lastKnownFileType = wrapper.framework; name = CoreGraphics.framework; path = System/Library/Frameworks/CoreGraphics.framework; sourceTree = SDKROOT; };
		4A80278A19D68EF1001D8C64 /* CoreLocation.framework */ = {isa = PBXFileReference; lastKnownFileType = wrapper.framework; name = CoreLocation.framework; path = System/Library/Frameworks/CoreLocation.framework; sourceTree = SDKROOT; };
		4A80278C19D68EF9001D8C64 /* libz.dylib */ = {isa = PBXFileReference; lastKnownFileType = "compiled.mach-o.dylib"; name = libz.dylib; path = usr/lib/libz.dylib; sourceTree = SDKROOT; };
		4A80278E19D68F03001D8C64 /* MobileCoreServices.framework */ = {isa = PBXFileReference; lastKnownFileType = wrapper.framework; name = MobileCoreServices.framework; path = System/Library/Frameworks/MobileCoreServices.framework; sourceTree = SDKROOT; };
		4A80279019D68F0B001D8C64 /* QuartzCore.framework */ = {isa = PBXFileReference; lastKnownFileType = wrapper.framework; name = QuartzCore.framework; path = System/Library/Frameworks/QuartzCore.framework; sourceTree = SDKROOT; };
		4A80279219D68F13001D8C64 /* Security.framework */ = {isa = PBXFileReference; lastKnownFileType = wrapper.framework; name = Security.framework; path = System/Library/Frameworks/Security.framework; sourceTree = SDKROOT; };
		4A80279419D68F1B001D8C64 /* StoreKit.framework */ = {isa = PBXFileReference; lastKnownFileType = wrapper.framework; name = StoreKit.framework; path = System/Library/Frameworks/StoreKit.framework; sourceTree = SDKROOT; };
		4A80279619D68F25001D8C64 /* SystemConfiguration.framework */ = {isa = PBXFileReference; lastKnownFileType = wrapper.framework; name = SystemConfiguration.framework; path = System/Library/Frameworks/SystemConfiguration.framework; sourceTree = SDKROOT; };
		4A80279819D68F76001D8C64 /* Accounts.framework */ = {isa = PBXFileReference; lastKnownFileType = wrapper.framework; name = Accounts.framework; path = System/Library/Frameworks/Accounts.framework; sourceTree = SDKROOT; };
		4A80279A19D68FCA001D8C64 /* Social.framework */ = {isa = PBXFileReference; lastKnownFileType = wrapper.framework; name = Social.framework; path = System/Library/Frameworks/Social.framework; sourceTree = SDKROOT; };
		4A80279C19D69020001D8C64 /* Bolts.framework */ = {isa = PBXFileReference; lastKnownFileType = wrapper.framework; path = Bolts.framework; sourceTree = "<group>"; };
		4A8027A119D69BC8001D8C64 /* CollapsibleTableViewController.h */ = {isa = PBXFileReference; fileEncoding = 4; lastKnownFileType = sourcecode.c.h; path = CollapsibleTableViewController.h; sourceTree = "<group>"; };
		4A8027A219D69BC8001D8C64 /* CollapsibleTableViewController.m */ = {isa = PBXFileReference; fileEncoding = 4; lastKnownFileType = sourcecode.c.objc; path = CollapsibleTableViewController.m; sourceTree = "<group>"; };
		4A8027A719D6CD4E001D8C64 /* SectionHeaderView.h */ = {isa = PBXFileReference; fileEncoding = 4; lastKnownFileType = sourcecode.c.h; path = SectionHeaderView.h; sourceTree = "<group>"; };
		4A8027A819D6CD4E001D8C64 /* SectionHeaderView.m */ = {isa = PBXFileReference; fileEncoding = 4; lastKnownFileType = sourcecode.c.objc; path = SectionHeaderView.m; sourceTree = "<group>"; };
		4A8027AA19D6D4EF001D8C64 /* FoodType.h */ = {isa = PBXFileReference; fileEncoding = 4; lastKnownFileType = sourcecode.c.h; path = FoodType.h; sourceTree = "<group>"; };
		4A8027AB19D6D4EF001D8C64 /* FoodType.m */ = {isa = PBXFileReference; fileEncoding = 4; lastKnownFileType = sourcecode.c.objc; path = FoodType.m; sourceTree = "<group>"; };
		4A8027AE19D6D577001D8C64 /* Food.h */ = {isa = PBXFileReference; fileEncoding = 4; lastKnownFileType = sourcecode.c.h; path = Food.h; sourceTree = "<group>"; };
		4A8027AF19D6D577001D8C64 /* Food.m */ = {isa = PBXFileReference; fileEncoding = 4; lastKnownFileType = sourcecode.c.objc; path = Food.m; sourceTree = "<group>"; };
		4A8027B119D6D6FF001D8C64 /* SectionInfo.h */ = {isa = PBXFileReference; fileEncoding = 4; lastKnownFileType = sourcecode.c.h; path = SectionInfo.h; sourceTree = "<group>"; };
		4A8027B219D6D6FF001D8C64 /* SectionInfo.m */ = {isa = PBXFileReference; fileEncoding = 4; lastKnownFileType = sourcecode.c.objc; path = SectionInfo.m; sourceTree = "<group>"; };
		4A8027B419D6DCDD001D8C64 /* FoodCell.h */ = {isa = PBXFileReference; fileEncoding = 4; lastKnownFileType = sourcecode.c.h; path = FoodCell.h; sourceTree = "<group>"; };
		4A8027B519D6DCDD001D8C64 /* FoodCell.m */ = {isa = PBXFileReference; fileEncoding = 4; lastKnownFileType = sourcecode.c.objc; path = FoodCell.m; sourceTree = "<group>"; };
		4A8027B819D6F2AB001D8C64 /* ReckersTabBarController.h */ = {isa = PBXFileReference; fileEncoding = 4; lastKnownFileType = sourcecode.c.h; path = ReckersTabBarController.h; sourceTree = "<group>"; };
		4A8027B919D6F2AB001D8C64 /* ReckersTabBarController.m */ = {isa = PBXFileReference; fileEncoding = 4; lastKnownFileType = sourcecode.c.objc; path = ReckersTabBarController.m; sourceTree = "<group>"; };
		FBC36FB619D68BE600A0B61D /* Reckers.app */ = {isa = PBXFileReference; explicitFileType = wrapper.application; includeInIndex = 0; path = Reckers.app; sourceTree = BUILT_PRODUCTS_DIR; };
		FBC36FBA19D68BE700A0B61D /* Info.plist */ = {isa = PBXFileReference; lastKnownFileType = text.plist.xml; path = Info.plist; sourceTree = "<group>"; };
		FBC36FBB19D68BE700A0B61D /* main.m */ = {isa = PBXFileReference; lastKnownFileType = sourcecode.c.objc; path = main.m; sourceTree = "<group>"; };
		FBC36FBD19D68BE700A0B61D /* AppDelegate.h */ = {isa = PBXFileReference; lastKnownFileType = sourcecode.c.h; path = AppDelegate.h; sourceTree = "<group>"; };
		FBC36FBE19D68BE700A0B61D /* AppDelegate.m */ = {isa = PBXFileReference; lastKnownFileType = sourcecode.c.objc; path = AppDelegate.m; sourceTree = "<group>"; };
		FBC36FC419D68BE700A0B61D /* Base */ = {isa = PBXFileReference; lastKnownFileType = file.storyboard; name = Base; path = Base.lproj/Main.storyboard; sourceTree = "<group>"; };
		FBC36FC619D68BE700A0B61D /* Images.xcassets */ = {isa = PBXFileReference; lastKnownFileType = folder.assetcatalog; path = Images.xcassets; sourceTree = "<group>"; };
		FBC36FC919D68BE700A0B61D /* Base */ = {isa = PBXFileReference; lastKnownFileType = file.xib; name = Base; path = Base.lproj/LaunchScreen.xib; sourceTree = "<group>"; };
		FBC36FCF19D68BE700A0B61D /* ReckersTests.xctest */ = {isa = PBXFileReference; explicitFileType = wrapper.cfbundle; includeInIndex = 0; path = ReckersTests.xctest; sourceTree = BUILT_PRODUCTS_DIR; };
		FBC36FD419D68BE700A0B61D /* Info.plist */ = {isa = PBXFileReference; lastKnownFileType = text.plist.xml; path = Info.plist; sourceTree = "<group>"; };
		FBC36FD519D68BE700A0B61D /* ReckersTests.m */ = {isa = PBXFileReference; lastKnownFileType = sourcecode.c.objc; path = ReckersTests.m; sourceTree = "<group>"; };
/* End PBXFileReference section */

/* Begin PBXFrameworksBuildPhase section */
		FBC36FB319D68BE600A0B61D /* Frameworks */ = {
			isa = PBXFrameworksBuildPhase;
			buildActionMask = 2147483647;
			files = (
				4A80279B19D68FCA001D8C64 /* Social.framework in Frameworks */,
				4A80279919D68F76001D8C64 /* Accounts.framework in Frameworks */,
				4A80279719D68F25001D8C64 /* SystemConfiguration.framework in Frameworks */,
				4A80279519D68F1B001D8C64 /* StoreKit.framework in Frameworks */,
				4A80279319D68F13001D8C64 /* Security.framework in Frameworks */,
				4A80279119D68F0B001D8C64 /* QuartzCore.framework in Frameworks */,
				4A80278F19D68F03001D8C64 /* MobileCoreServices.framework in Frameworks */,
				4A80278D19D68EF9001D8C64 /* libz.dylib in Frameworks */,
				4A80278B19D68EF1001D8C64 /* CoreLocation.framework in Frameworks */,
				4A80278919D68EE9001D8C64 /* CoreGraphics.framework in Frameworks */,
				4A80278719D68EE2001D8C64 /* CFNetwork.framework in Frameworks */,
				4A80278519D68EDB001D8C64 /* AudioToolbox.framework in Frameworks */,
				4A80278219D68EA2001D8C64 /* Parse.framework in Frameworks */,
				4A80279D19D69020001D8C64 /* Bolts.framework in Frameworks */,
			);
			runOnlyForDeploymentPostprocessing = 0;
		};
		FBC36FCC19D68BE700A0B61D /* Frameworks */ = {
			isa = PBXFrameworksBuildPhase;
			buildActionMask = 2147483647;
			files = (
			);
			runOnlyForDeploymentPostprocessing = 0;
		};
/* End PBXFrameworksBuildPhase section */

/* Begin PBXGroup section */
		4A80278319D68EA8001D8C64 /* Frameworks */ = {
			isa = PBXGroup;
			children = (
				4A80279A19D68FCA001D8C64 /* Social.framework */,
				4A80279819D68F76001D8C64 /* Accounts.framework */,
				4A80279619D68F25001D8C64 /* SystemConfiguration.framework */,
				4A80279419D68F1B001D8C64 /* StoreKit.framework */,
				4A80279219D68F13001D8C64 /* Security.framework */,
				4A80279019D68F0B001D8C64 /* QuartzCore.framework */,
				4A80278E19D68F03001D8C64 /* MobileCoreServices.framework */,
				4A80278C19D68EF9001D8C64 /* libz.dylib */,
				4A80279C19D69020001D8C64 /* Bolts.framework */,
				4A80278A19D68EF1001D8C64 /* CoreLocation.framework */,
				4A80278819D68EE9001D8C64 /* CoreGraphics.framework */,
				4A80278619D68EE2001D8C64 /* CFNetwork.framework */,
				4A80278419D68EDB001D8C64 /* AudioToolbox.framework */,
				4A80278119D68EA2001D8C64 /* Parse.framework */,
			);
			name = Frameworks;
			sourceTree = "<group>";
		};
		4A8027AD19D6D53B001D8C64 /* Model Classes */ = {
			isa = PBXGroup;
			children = (
				4A8027AA19D6D4EF001D8C64 /* FoodType.h */,
				4A8027AB19D6D4EF001D8C64 /* FoodType.m */,
				4A8027AE19D6D577001D8C64 /* Food.h */,
				4A8027AF19D6D577001D8C64 /* Food.m */,
			);
			name = "Model Classes";
			sourceTree = "<group>";
		};
		4A8027B719D6E8F4001D8C64 /* Table Classes */ = {
			isa = PBXGroup;
			children = (
				4A8027A719D6CD4E001D8C64 /* SectionHeaderView.h */,
				4A8027A819D6CD4E001D8C64 /* SectionHeaderView.m */,
				4A8027B119D6D6FF001D8C64 /* SectionInfo.h */,
				4A8027B219D6D6FF001D8C64 /* SectionInfo.m */,
				4A8027B419D6DCDD001D8C64 /* FoodCell.h */,
				4A8027B519D6DCDD001D8C64 /* FoodCell.m */,
			);
			name = "Table Classes";
			sourceTree = "<group>";
		};
		FBC36FAD19D68BE600A0B61D = {
			isa = PBXGroup;
			children = (
				FBC36FB819D68BE600A0B61D /* Reckers */,
				FBC36FD219D68BE700A0B61D /* ReckersTests */,
				FBC36FB719D68BE600A0B61D /* Products */,
				4A80278319D68EA8001D8C64 /* Frameworks */,
			);
			sourceTree = "<group>";
		};
		FBC36FB719D68BE600A0B61D /* Products */ = {
			isa = PBXGroup;
			children = (
				FBC36FB619D68BE600A0B61D /* Reckers.app */,
				FBC36FCF19D68BE700A0B61D /* ReckersTests.xctest */,
			);
			name = Products;
			sourceTree = "<group>";
		};
		FBC36FB819D68BE600A0B61D /* Reckers */ = {
			isa = PBXGroup;
			children = (
				4A80277E19D68DD2001D8C64 /* ReckersLoginViewController.h */,
				4A80277F19D68DD2001D8C64 /* ReckersLoginViewController.m */,
				4A8027A119D69BC8001D8C64 /* CollapsibleTableViewController.h */,
				4A8027A219D69BC8001D8C64 /* CollapsibleTableViewController.m */,
				4A8027B819D6F2AB001D8C64 /* ReckersTabBarController.h */,
				4A8027B919D6F2AB001D8C64 /* ReckersTabBarController.m */,
				4A8027B719D6E8F4001D8C64 /* Table Classes */,
				4A8027AD19D6D53B001D8C64 /* Model Classes */,
				FBC36FBD19D68BE700A0B61D /* AppDelegate.h */,
				FBC36FBE19D68BE700A0B61D /* AppDelegate.m */,
				FBC36FC319D68BE700A0B61D /* Main.storyboard */,
				FBC36FC619D68BE700A0B61D /* Images.xcassets */,
				FBC36FC819D68BE700A0B61D /* LaunchScreen.xib */,
				FBC36FB919D68BE700A0B61D /* Supporting Files */,
			);
			path = Reckers;
			sourceTree = "<group>";
		};
		FBC36FB919D68BE700A0B61D /* Supporting Files */ = {
			isa = PBXGroup;
			children = (
				FBC36FBA19D68BE700A0B61D /* Info.plist */,
				FBC36FBB19D68BE700A0B61D /* main.m */,
			);
			name = "Supporting Files";
			sourceTree = "<group>";
		};
		FBC36FD219D68BE700A0B61D /* ReckersTests */ = {
			isa = PBXGroup;
			children = (
				FBC36FD519D68BE700A0B61D /* ReckersTests.m */,
				FBC36FD319D68BE700A0B61D /* Supporting Files */,
			);
			path = ReckersTests;
			sourceTree = "<group>";
		};
		FBC36FD319D68BE700A0B61D /* Supporting Files */ = {
			isa = PBXGroup;
			children = (
				FBC36FD419D68BE700A0B61D /* Info.plist */,
			);
			name = "Supporting Files";
			sourceTree = "<group>";
		};
/* End PBXGroup section */

/* Begin PBXNativeTarget section */
		FBC36FB519D68BE600A0B61D /* Reckers */ = {
			isa = PBXNativeTarget;
			buildConfigurationList = FBC36FD919D68BE700A0B61D /* Build configuration list for PBXNativeTarget "Reckers" */;
			buildPhases = (
				FBC36FB219D68BE600A0B61D /* Sources */,
				FBC36FB319D68BE600A0B61D /* Frameworks */,
				FBC36FB419D68BE600A0B61D /* Resources */,
			);
			buildRules = (
			);
			dependencies = (
			);
			name = Reckers;
			productName = Reckers;
			productReference = FBC36FB619D68BE600A0B61D /* Reckers.app */;
			productType = "com.apple.product-type.application";
		};
		FBC36FCE19D68BE700A0B61D /* ReckersTests */ = {
			isa = PBXNativeTarget;
			buildConfigurationList = FBC36FDC19D68BE700A0B61D /* Build configuration list for PBXNativeTarget "ReckersTests" */;
			buildPhases = (
				FBC36FCB19D68BE700A0B61D /* Sources */,
				FBC36FCC19D68BE700A0B61D /* Frameworks */,
				FBC36FCD19D68BE700A0B61D /* Resources */,
			);
			buildRules = (
			);
			dependencies = (
				FBC36FD119D68BE700A0B61D /* PBXTargetDependency */,
			);
			name = ReckersTests;
			productName = ReckersTests;
			productReference = FBC36FCF19D68BE700A0B61D /* ReckersTests.xctest */;
			productType = "com.apple.product-type.bundle.unit-test";
		};
/* End PBXNativeTarget section */

/* Begin PBXProject section */
		FBC36FAE19D68BE600A0B61D /* Project object */ = {
			isa = PBXProject;
			attributes = {
				LastUpgradeCheck = 0600;
				ORGANIZATIONNAME = "Luke Garrison";
				TargetAttributes = {
					FBC36FB519D68BE600A0B61D = {
						CreatedOnToolsVersion = 6.0.1;
					};
					FBC36FCE19D68BE700A0B61D = {
						CreatedOnToolsVersion = 6.0.1;
						TestTargetID = FBC36FB519D68BE600A0B61D;
					};
				};
			};
			buildConfigurationList = FBC36FB119D68BE600A0B61D /* Build configuration list for PBXProject "Reckers" */;
			compatibilityVersion = "Xcode 3.2";
			developmentRegion = English;
			hasScannedForEncodings = 0;
			knownRegions = (
				en,
				Base,
			);
			mainGroup = FBC36FAD19D68BE600A0B61D;
			productRefGroup = FBC36FB719D68BE600A0B61D /* Products */;
			projectDirPath = "";
			projectRoot = "";
			targets = (
				FBC36FB519D68BE600A0B61D /* Reckers */,
				FBC36FCE19D68BE700A0B61D /* ReckersTests */,
			);
		};
/* End PBXProject section */

/* Begin PBXResourcesBuildPhase section */
		FBC36FB419D68BE600A0B61D /* Resources */ = {
			isa = PBXResourcesBuildPhase;
			buildActionMask = 2147483647;
			files = (
				FBC36FC519D68BE700A0B61D /* Main.storyboard in Resources */,
				FBC36FCA19D68BE700A0B61D /* LaunchScreen.xib in Resources */,
				FBC36FC719D68BE700A0B61D /* Images.xcassets in Resources */,
			);
			runOnlyForDeploymentPostprocessing = 0;
		};
		FBC36FCD19D68BE700A0B61D /* Resources */ = {
			isa = PBXResourcesBuildPhase;
			buildActionMask = 2147483647;
			files = (
			);
			runOnlyForDeploymentPostprocessing = 0;
		};
/* End PBXResourcesBuildPhase section */

/* Begin PBXSourcesBuildPhase section */
		FBC36FB219D68BE600A0B61D /* Sources */ = {
			isa = PBXSourcesBuildPhase;
			buildActionMask = 2147483647;
			files = (
				4A8027A319D69BC8001D8C64 /* CollapsibleTableViewController.m in Sources */,
				4A8027B319D6D6FF001D8C64 /* SectionInfo.m in Sources */,
				4A8027B019D6D577001D8C64 /* Food.m in Sources */,
				FBC36FBF19D68BE700A0B61D /* AppDelegate.m in Sources */,
				4A8027B619D6DCDD001D8C64 /* FoodCell.m in Sources */,
				FBC36FBC19D68BE700A0B61D /* main.m in Sources */,
				4A8027AC19D6D4EF001D8C64 /* FoodType.m in Sources */,
				4A8027A919D6CD4E001D8C64 /* SectionHeaderView.m in Sources */,
				4A80278019D68DD2001D8C64 /* ReckersLoginViewController.m in Sources */,
				4A8027BA19D6F2AB001D8C64 /* ReckersTabBarController.m in Sources */,
			);
			runOnlyForDeploymentPostprocessing = 0;
		};
		FBC36FCB19D68BE700A0B61D /* Sources */ = {
			isa = PBXSourcesBuildPhase;
			buildActionMask = 2147483647;
			files = (
				FBC36FD619D68BE700A0B61D /* ReckersTests.m in Sources */,
			);
			runOnlyForDeploymentPostprocessing = 0;
		};
/* End PBXSourcesBuildPhase section */

/* Begin PBXTargetDependency section */
		FBC36FD119D68BE700A0B61D /* PBXTargetDependency */ = {
			isa = PBXTargetDependency;
			target = FBC36FB519D68BE600A0B61D /* Reckers */;
			targetProxy = FBC36FD019D68BE700A0B61D /* PBXContainerItemProxy */;
		};
/* End PBXTargetDependency section */

/* Begin PBXVariantGroup section */
		FBC36FC319D68BE700A0B61D /* Main.storyboard */ = {
			isa = PBXVariantGroup;
			children = (
				FBC36FC419D68BE700A0B61D /* Base */,
			);
			name = Main.storyboard;
			sourceTree = "<group>";
		};
		FBC36FC819D68BE700A0B61D /* LaunchScreen.xib */ = {
			isa = PBXVariantGroup;
			children = (
				FBC36FC919D68BE700A0B61D /* Base */,
			);
			name = LaunchScreen.xib;
			sourceTree = "<group>";
		};
/* End PBXVariantGroup section */

/* Begin XCBuildConfiguration section */
		FBC36FD719D68BE700A0B61D /* Debug */ = {
			isa = XCBuildConfiguration;
			buildSettings = {
				ALWAYS_SEARCH_USER_PATHS = NO;
				CLANG_CXX_LANGUAGE_STANDARD = "gnu++0x";
				CLANG_CXX_LIBRARY = "libc++";
				CLANG_ENABLE_MODULES = YES;
				CLANG_ENABLE_OBJC_ARC = YES;
				CLANG_WARN_BOOL_CONVERSION = YES;
				CLANG_WARN_CONSTANT_CONVERSION = YES;
				CLANG_WARN_DIRECT_OBJC_ISA_USAGE = YES_ERROR;
				CLANG_WARN_EMPTY_BODY = YES;
				CLANG_WARN_ENUM_CONVERSION = YES;
				CLANG_WARN_INT_CONVERSION = YES;
				CLANG_WARN_OBJC_ROOT_CLASS = YES_ERROR;
				CLANG_WARN_UNREACHABLE_CODE = YES;
				CLANG_WARN__DUPLICATE_METHOD_MATCH = YES;
				"CODE_SIGN_IDENTITY[sdk=iphoneos*]" = "iPhone Developer";
				COPY_PHASE_STRIP = NO;
				ENABLE_STRICT_OBJC_MSGSEND = YES;
				GCC_C_LANGUAGE_STANDARD = gnu99;
				GCC_DYNAMIC_NO_PIC = NO;
				GCC_OPTIMIZATION_LEVEL = 0;
				GCC_PREPROCESSOR_DEFINITIONS = (
					"DEBUG=1",
					"$(inherited)",
				);
				GCC_SYMBOLS_PRIVATE_EXTERN = NO;
				GCC_WARN_64_TO_32_BIT_CONVERSION = YES;
				GCC_WARN_ABOUT_RETURN_TYPE = YES_ERROR;
				GCC_WARN_UNDECLARED_SELECTOR = YES;
				GCC_WARN_UNINITIALIZED_AUTOS = YES_AGGRESSIVE;
				GCC_WARN_UNUSED_FUNCTION = YES;
				GCC_WARN_UNUSED_VARIABLE = YES;
				IPHONEOS_DEPLOYMENT_TARGET = 8.0;
				MTL_ENABLE_DEBUG_INFO = YES;
				ONLY_ACTIVE_ARCH = YES;
				SDKROOT = iphoneos;
				TARGETED_DEVICE_FAMILY = "1,2";
			};
			name = Debug;
		};
		FBC36FD819D68BE700A0B61D /* Release */ = {
			isa = XCBuildConfiguration;
			buildSettings = {
				ALWAYS_SEARCH_USER_PATHS = NO;
				CLANG_CXX_LANGUAGE_STANDARD = "gnu++0x";
				CLANG_CXX_LIBRARY = "libc++";
				CLANG_ENABLE_MODULES = YES;
				CLANG_ENABLE_OBJC_ARC = YES;
				CLANG_WARN_BOOL_CONVERSION = YES;
				CLANG_WARN_CONSTANT_CONVERSION = YES;
				CLANG_WARN_DIRECT_OBJC_ISA_USAGE = YES_ERROR;
				CLANG_WARN_EMPTY_BODY = YES;
				CLANG_WARN_ENUM_CONVERSION = YES;
				CLANG_WARN_INT_CONVERSION = YES;
				CLANG_WARN_OBJC_ROOT_CLASS = YES_ERROR;
				CLANG_WARN_UNREACHABLE_CODE = YES;
				CLANG_WARN__DUPLICATE_METHOD_MATCH = YES;
				"CODE_SIGN_IDENTITY[sdk=iphoneos*]" = "iPhone Developer";
				COPY_PHASE_STRIP = YES;
				ENABLE_NS_ASSERTIONS = NO;
				ENABLE_STRICT_OBJC_MSGSEND = YES;
				GCC_C_LANGUAGE_STANDARD = gnu99;
				GCC_WARN_64_TO_32_BIT_CONVERSION = YES;
				GCC_WARN_ABOUT_RETURN_TYPE = YES_ERROR;
				GCC_WARN_UNDECLARED_SELECTOR = YES;
				GCC_WARN_UNINITIALIZED_AUTOS = YES_AGGRESSIVE;
				GCC_WARN_UNUSED_FUNCTION = YES;
				GCC_WARN_UNUSED_VARIABLE = YES;
				IPHONEOS_DEPLOYMENT_TARGET = 8.0;
				MTL_ENABLE_DEBUG_INFO = NO;
				SDKROOT = iphoneos;
				TARGETED_DEVICE_FAMILY = "1,2";
				VALIDATE_PRODUCT = YES;
			};
			name = Release;
		};
		FBC36FDA19D68BE700A0B61D /* Debug */ = {
			isa = XCBuildConfiguration;
			buildSettings = {
				ASSETCATALOG_COMPILER_APPICON_NAME = AppIcon;
				FRAMEWORK_SEARCH_PATHS = (
					"$(inherited)",
					"$(PROJECT_DIR)",
				);
				INFOPLIST_FILE = Reckers/Info.plist;
				LD_RUNPATH_SEARCH_PATHS = "$(inherited) @executable_path/Frameworks";
				PRODUCT_NAME = "$(TARGET_NAME)";
			};
			name = Debug;
		};
		FBC36FDB19D68BE700A0B61D /* Release */ = {
			isa = XCBuildConfiguration;
			buildSettings = {
				ASSETCATALOG_COMPILER_APPICON_NAME = AppIcon;
				FRAMEWORK_SEARCH_PATHS = (
					"$(inherited)",
					"$(PROJECT_DIR)",
				);
				INFOPLIST_FILE = Reckers/Info.plist;
				LD_RUNPATH_SEARCH_PATHS = "$(inherited) @executable_path/Frameworks";
				PRODUCT_NAME = "$(TARGET_NAME)";
			};
			name = Release;
		};
		FBC36FDD19D68BE700A0B61D /* Debug */ = {
			isa = XCBuildConfiguration;
			buildSettings = {
				BUNDLE_LOADER = "$(TEST_HOST)";
				FRAMEWORK_SEARCH_PATHS = (
					"$(SDKROOT)/Developer/Library/Frameworks",
					"$(inherited)",
				);
				GCC_PREPROCESSOR_DEFINITIONS = (
					"DEBUG=1",
					"$(inherited)",
				);
				INFOPLIST_FILE = ReckersTests/Info.plist;
				LD_RUNPATH_SEARCH_PATHS = "$(inherited) @executable_path/Frameworks @loader_path/Frameworks";
				PRODUCT_NAME = "$(TARGET_NAME)";
				TEST_HOST = "$(BUILT_PRODUCTS_DIR)/Reckers.app/Reckers";
			};
			name = Debug;
		};
		FBC36FDE19D68BE700A0B61D /* Release */ = {
			isa = XCBuildConfiguration;
			buildSettings = {
				BUNDLE_LOADER = "$(TEST_HOST)";
				FRAMEWORK_SEARCH_PATHS = (
					"$(SDKROOT)/Developer/Library/Frameworks",
					"$(inherited)",
				);
				INFOPLIST_FILE = ReckersTests/Info.plist;
				LD_RUNPATH_SEARCH_PATHS = "$(inherited) @executable_path/Frameworks @loader_path/Frameworks";
				PRODUCT_NAME = "$(TARGET_NAME)";
				TEST_HOST = "$(BUILT_PRODUCTS_DIR)/Reckers.app/Reckers";
			};
			name = Release;
		};
/* End XCBuildConfiguration section */

/* Begin XCConfigurationList section */
		FBC36FB119D68BE600A0B61D /* Build configuration list for PBXProject "Reckers" */ = {
			isa = XCConfigurationList;
			buildConfigurations = (
				FBC36FD719D68BE700A0B61D /* Debug */,
				FBC36FD819D68BE700A0B61D /* Release */,
			);
			defaultConfigurationIsVisible = 0;
			defaultConfigurationName = Release;
		};
		FBC36FD919D68BE700A0B61D /* Build configuration list for PBXNativeTarget "Reckers" */ = {
			isa = XCConfigurationList;
			buildConfigurations = (
				FBC36FDA19D68BE700A0B61D /* Debug */,
				FBC36FDB19D68BE700A0B61D /* Release */,
			);
			defaultConfigurationIsVisible = 0;
			defaultConfigurationName = Release;
		};
		FBC36FDC19D68BE700A0B61D /* Build configuration list for PBXNativeTarget "ReckersTests" */ = {
			isa = XCConfigurationList;
			buildConfigurations = (
				FBC36FDD19D68BE700A0B61D /* Debug */,
				FBC36FDE19D68BE700A0B61D /* Release */,
			);
			defaultConfigurationIsVisible = 0;
			defaultConfigurationName = Release;
		};
/* End XCConfigurationList section */
	};
	rootObject = FBC36FAE19D68BE600A0B61D /* Project object */;
}
